
Microsoft Visual Studio Solution File, Format Version 9.00
# Visual Studio 2005
Project("{FAE04EC0-301F-11D3-BF4B-00C04F79EFBC}") = "gbrainy", "src\Clients\Classical\gbrainy.csproj", "{A5DF4079-EF3D-43F8-A36E-EB47058631A7}"
EndProject
Project("{FAE04EC0-301F-11D3-BF4B-00C04F79EFBC}") = "Core", "src\Core\Core.csproj", "{9F2F1F0C-DF7E-4054-B6BA-94F3DD9FF3D9}"
EndProject
Project("{FAE04EC0-301F-11D3-BF4B-00C04F79EFBC}") = "Games", "src\Games\Games.csproj", "{84A80D6F-DB4D-4989-B441-D410D2260775}"
EndProject
Project("{FAE04EC0-301F-11D3-BF4B-00C04F79EFBC}") = "WebForms", "src\Clients\WebForms\WebForms.csproj", "{6F788C5C-17C2-47BC-82C8-2D318D91CB76}"
EndProject
Project("{2150E333-8FDC-42A3-9474-1A3956D46DE8}") = "Extensions", "Extensions", "{229D47C2-80E9-4171-AB6B-95A034BA9186}"
	ProjectSection(SolutionItems) = preProject
		sample_extensions\README = sample_extensions\README
	EndProjectSection
EndProject
Project("{FAE04EC0-301F-11D3-BF4B-00C04F79EFBC}") = "memory_extension", "sample_extensions\memory_extension.csproj", "{DC13845E-1990-4713-90CD-AC154D9B4D10}"
EndProject
Project("{FAE04EC0-301F-11D3-BF4B-00C04F79EFBC}") = "logic_extension", "sample_extensions\logic_extension.csproj", "{DC13845E-1990-4713-90CD-DC154D9B4C12}"
EndProject
Project("{FAE04EC0-301F-11D3-BF4B-00C04F79EFBC}") = "calculation_extension", "sample_extensions\calculation_extension.csproj", "{DC13845E-1990-4713-90CD-DE154D924D12}"
EndProject
Project("{FAE04EC0-301F-11D3-BF4B-00C04F79EFBC}") = "UnitTests", "tests\UnitTests.csproj", "{B5AD4535-E94C-40CB-A7B6-60B2ADC0B41D}"
EndProject
Global
	GlobalSection(SolutionConfigurationPlatforms) = preSolution
		Debug|Any CPU = Debug|Any CPU
		Release|Any CPU = Release|Any CPU
	EndGlobalSection
	GlobalSection(ProjectConfigurationPlatforms) = postSolution
		{6F788C5C-17C2-47BC-82C8-2D318D91CB76}.Debug|Any CPU.ActiveCfg = Debug|Any CPU
		{6F788C5C-17C2-47BC-82C8-2D318D91CB76}.Debug|Any CPU.Build.0 = Debug|Any CPU
		{6F788C5C-17C2-47BC-82C8-2D318D91CB76}.Release|Any CPU.ActiveCfg = Release|Any CPU
		{6F788C5C-17C2-47BC-82C8-2D318D91CB76}.Release|Any CPU.Build.0 = Release|Any CPU
		{84A80D6F-DB4D-4989-B441-D410D2260775}.Debug|Any CPU.ActiveCfg = Debug|Any CPU
		{84A80D6F-DB4D-4989-B441-D410D2260775}.Debug|Any CPU.Build.0 = Debug|Any CPU
		{84A80D6F-DB4D-4989-B441-D410D2260775}.Release|Any CPU.ActiveCfg = Release|Any CPU
		{84A80D6F-DB4D-4989-B441-D410D2260775}.Release|Any CPU.Build.0 = Release|Any CPU
		{9F2F1F0C-DF7E-4054-B6BA-94F3DD9FF3D9}.Debug|Any CPU.ActiveCfg = Debug|Any CPU
		{9F2F1F0C-DF7E-4054-B6BA-94F3DD9FF3D9}.Debug|Any CPU.Build.0 = Debug|Any CPU
		{9F2F1F0C-DF7E-4054-B6BA-94F3DD9FF3D9}.Release|Any CPU.ActiveCfg = Release|Any CPU
		{9F2F1F0C-DF7E-4054-B6BA-94F3DD9FF3D9}.Release|Any CPU.Build.0 = Release|Any CPU
		{A5DF4079-EF3D-43F8-A36E-EB47058631A7}.Debug|Any CPU.ActiveCfg = Debug|Any CPU
		{A5DF4079-EF3D-43F8-A36E-EB47058631A7}.Debug|Any CPU.Build.0 = Debug|Any CPU
		{A5DF4079-EF3D-43F8-A36E-EB47058631A7}.Release|Any CPU.ActiveCfg = Release|Any CPU
		{A5DF4079-EF3D-43F8-A36E-EB47058631A7}.Release|Any CPU.Build.0 = Release|Any CPU
		{B5AD4535-E94C-40CB-A7B6-60B2ADC0B41D}.Debug|Any CPU.ActiveCfg = Debug|Any CPU
		{B5AD4535-E94C-40CB-A7B6-60B2ADC0B41D}.Debug|Any CPU.Build.0 = Debug|Any CPU
		{B5AD4535-E94C-40CB-A7B6-60B2ADC0B41D}.Release|Any CPU.ActiveCfg = Release|Any CPU
		{B5AD4535-E94C-40CB-A7B6-60B2ADC0B41D}.Release|Any CPU.Build.0 = Release|Any CPU
		{DC13845E-1990-4713-90CD-AC154D9B4D10}.Debug|Any CPU.ActiveCfg = Debug|Any CPU
		{DC13845E-1990-4713-90CD-AC154D9B4D10}.Debug|Any CPU.Build.0 = Debug|Any CPU
		{DC13845E-1990-4713-90CD-AC154D9B4D10}.Release|Any CPU.ActiveCfg = Release|Any CPU
		{DC13845E-1990-4713-90CD-AC154D9B4D10}.Release|Any CPU.Build.0 = Release|Any CPU
		{DC13845E-1990-4713-90CD-DC154D9B4C12}.Debug|Any CPU.ActiveCfg = Debug|Any CPU
		{DC13845E-1990-4713-90CD-DC154D9B4C12}.Debug|Any CPU.Build.0 = Debug|Any CPU
		{DC13845E-1990-4713-90CD-DC154D9B4C12}.Release|Any CPU.ActiveCfg = Release|Any CPU
		{DC13845E-1990-4713-90CD-DC154D9B4C12}.Release|Any CPU.Build.0 = Release|Any CPU
		{DC13845E-1990-4713-90CD-DE154D924D12}.Debug|Any CPU.ActiveCfg = Debug|Any CPU
		{DC13845E-1990-4713-90CD-DE154D924D12}.Debug|Any CPU.Build.0 = Debug|Any CPU
		{DC13845E-1990-4713-90CD-DE154D924D12}.Release|Any CPU.ActiveCfg = Release|Any CPU
		{DC13845E-1990-4713-90CD-DE154D924D12}.Release|Any CPU.Build.0 = Release|Any CPU
	EndGlobalSection
	GlobalSection(NestedProjects) = preSolution
		{DC13845E-1990-4713-90CD-AC154D9B4D10} = {229D47C2-80E9-4171-AB6B-95A034BA9186}
		{DC13845E-1990-4713-90CD-DC154D9B4C12} = {229D47C2-80E9-4171-AB6B-95A034BA9186}
		{DC13845E-1990-4713-90CD-DE154D924D12} = {229D47C2-80E9-4171-AB6B-95A034BA9186}
	EndGlobalSection
	GlobalSection(MonoDevelopProperties) = preSolution
		StartupItem = src\Clients\WebForms\WebForms.csproj
		Policies = $0
		$0.TextStylePolicy = $1
		$1.inheritsSet = null
		$1.scope = image/svg+xml
		$0.XmlFormattingPolicy = $2
		$2.inheritsSet = null
		$2.scope = image/svg+xml
		$0.TextStylePolicy = $3
		$3.FileWidth = 120
		$3.inheritsSet = Mono
		$3.inheritsScope = text/plain
		$3.scope = text/plain
		$0.TextStylePolicy = $4
		$4.inheritsSet = null
		$4.scope = text/x-csharp
		$0.CSharpFormattingPolicy = $5
		$5.inheritsSet = Mono
		$5.inheritsScope = text/x-csharp
		$5.scope = text/x-csharp
	EndGlobalSection
EndGlobal
