
Microsoft Visual Studio Solution File, Format Version 9.00
# Visual Studio 2005
Project("{FAE04EC0-301F-11D3-BF4B-00C04F79EFBC}") = "gbrainy", "gbrainy.csproj", "{A5DF4079-EF3D-43F8-A36E-EB47058631A7}"
EndProject
Project("{FAE04EC0-301F-11D3-BF4B-00C04F79EFBC}") = "Core", "src\Core\Core.csproj", "{9F2F1F0C-DF7E-4054-B6BA-94F3DD9FF3D9}"
EndProject
Global
	GlobalSection(SolutionConfigurationPlatforms) = preSolution
		Debug|Any CPU = Debug|Any CPU
		Release|Any CPU = Release|Any CPU
	EndGlobalSection
	GlobalSection(ProjectConfigurationPlatforms) = postSolution
		{9F2F1F0C-DF7E-4054-B6BA-94F3DD9FF3D9}.Debug|Any CPU.ActiveCfg = Debug|Any CPU
		{9F2F1F0C-DF7E-4054-B6BA-94F3DD9FF3D9}.Debug|Any CPU.Build.0 = Debug|Any CPU
		{9F2F1F0C-DF7E-4054-B6BA-94F3DD9FF3D9}.Release|Any CPU.ActiveCfg = Release|Any CPU
		{9F2F1F0C-DF7E-4054-B6BA-94F3DD9FF3D9}.Release|Any CPU.Build.0 = Release|Any CPU
		{A5DF4079-EF3D-43F8-A36E-EB47058631A7}.Debug|Any CPU.ActiveCfg = Debug|Any CPU
		{A5DF4079-EF3D-43F8-A36E-EB47058631A7}.Debug|Any CPU.Build.0 = Debug|Any CPU
		{A5DF4079-EF3D-43F8-A36E-EB47058631A7}.Release|Any CPU.ActiveCfg = Release|Any CPU
		{A5DF4079-EF3D-43F8-A36E-EB47058631A7}.Release|Any CPU.Build.0 = Release|Any CPU
	EndGlobalSection
	GlobalSection(MonoDevelopProperties) = preSolution
		StartupItem = gbrainy.csproj
		Policies = $0
		$0.TextStylePolicy = $1
		$1.inheritsSet = null
		$1.scope = image/svg+xml
		$0.XmlFormattingPolicy = $2
		$2.inheritsSet = null
		$2.scope = image/svg+xml
		$0.TextStylePolicy = $3
		$3.FileWidth = 120
		$3.inheritsSet = Mono
		$3.inheritsScope = text/plain
		$3.scope = text/plain
		$0.TextStylePolicy = $4
		$4.inheritsSet = null
		$4.scope = text/x-csharp
		$0.CSharpFormattingPolicy = $5
		$5.inheritsSet = Mono
		$5.inheritsScope = text/x-csharp
		$5.scope = text/x-csharp
	EndGlobalSection
EndGlobal
